
Microsoft Visual Studio Solution File, Format Version 12.00
# Visual Studio 15
VisualStudioVersion = 15.0.26730.16
MinimumVisualStudioVersion = 10.0.40219.1
Project("{FAE04EC0-301F-11D3-BF4B-00C04F79EFBC}") = "AmbiHue", "AmbiHue\AmbiHue.csproj", "{B92BE75A-219D-44CA-9DAA-87D0C6FCB24E}"
EndProject
Global
	GlobalSection(SolutionConfigurationPlatforms) = preSolution
		Debug|Any CPU = Debug|Any CPU
		Release|Any CPU = Release|Any CPU
	EndGlobalSection
	GlobalSection(ProjectConfigurationPlatforms) = postSolution
		{B92BE75A-219D-44CA-9DAA-87D0C6FCB24E}.Debug|Any CPU.ActiveCfg = Debug|Any CPU
		{B92BE75A-219D-44CA-9DAA-87D0C6FCB24E}.Debug|Any CPU.Build.0 = Debug|Any CPU
		{B92BE75A-219D-44CA-9DAA-87D0C6FCB24E}.Release|Any CPU.ActiveCfg = Release|Any CPU
		{B92BE75A-219D-44CA-9DAA-87D0C6FCB24E}.Release|Any CPU.Build.0 = Release|Any CPU
	EndGlobalSection
	GlobalSection(SolutionProperties) = preSolution
		HideSolutionNode = FALSE
	EndGlobalSection
	GlobalSection(ExtensibilityGlobals) = postSolution
		SolutionGuid = {DA844EFB-B118-4E96-8ECB-51EEF51C5442}
	EndGlobalSection
EndGlobal
